
Microsoft Visual Studio Solution File, Format Version 12.00
# Visual Studio Version 17
VisualStudioVersion = 17.3.32929.385
MinimumVisualStudioVersion = 10.0.40219.1
Project("{FAE04EC0-301F-11D3-BF4B-00C04F79EFBC}") = "FunctionApp1", "FunctionApp1.csproj", "{D18952A7-B1A9-4A87-823E-02B863D5178D}"
EndProject
Global
	GlobalSection(SolutionConfigurationPlatforms) = preSolution
		Debug|Any CPU = Debug|Any CPU
		Release|Any CPU = Release|Any CPU
	EndGlobalSection
	GlobalSection(ProjectConfigurationPlatforms) = postSolution
		{D18952A7-B1A9-4A87-823E-02B863D5178D}.Debug|Any CPU.ActiveCfg = Debug|Any CPU
		{D18952A7-B1A9-4A87-823E-02B863D5178D}.Debug|Any CPU.Build.0 = Debug|Any CPU
		{D18952A7-B1A9-4A87-823E-02B863D5178D}.Release|Any CPU.ActiveCfg = Release|Any CPU
		{D18952A7-B1A9-4A87-823E-02B863D5178D}.Release|Any CPU.Build.0 = Release|Any CPU
	EndGlobalSection
	GlobalSection(SolutionProperties) = preSolution
		HideSolutionNode = FALSE
	EndGlobalSection
	GlobalSection(ExtensibilityGlobals) = postSolution
		SolutionGuid = {DE8D4DFC-498C-4AD6-BAD7-A8AC8BF2AE55}
	EndGlobalSection
EndGlobal
